{
  "version": 1,
  "dependencies": {
    "net9.0": {
      "Google.Protobuf": {
        "type": "Direct",
        "requested": "[3.35.1, )",
        "resolved": "3.35.1",
        "contentHash": "pxtkuXhR8svkvDTQrYew9GZQt6eWhblz/V/WKUFrQgkHYlQPsumJTeF6ppHRJpe6j9ffukkd5lQULiiKaek4xA=="
      }
    }
  }
}